// !$*UTF8*$!
{
	archiveVersion = 1;
	classes = {
	};
	objectVersion = 51;
	objects = {

/* Begin PBXBuildFile section */
		1A97992BF164283A84FFECA0 /* Pods_SoccerTeamsTests.framework in Frameworks */ = {isa = PBXBuildFile; fileRef = CF3D8C099BA9FD9909A9206C /* Pods_SoccerTeamsTests.framework */; };
		39AA316AD685BE2046278AAB /* Pods_SoccerTeams.framework in Frameworks */ = {isa = PBXBuildFile; fileRef = 431864D898EE4ACC8D6C9436 /* Pods_SoccerTeams.framework */; };
		E535293E24F43F670003605C /* HomeViewController.swift in Sources */ = {isa = PBXBuildFile; fileRef = E535293D24F43F670003605C /* HomeViewController.swift */; };
		E535294024F43F870003605C /* PlayersViewController.swift in Sources */ = {isa = PBXBuildFile; fileRef = E535293F24F43F870003605C /* PlayersViewController.swift */; };
		E5561E6524F59BDC006C8B54 /* Route.swift in Sources */ = {isa = PBXBuildFile; fileRef = E5561E6424F59BDC006C8B54 /* Route.swift */; };
		E5561E6724F59C4B006C8B54 /* NetworkService.swift in Sources */ = {isa = PBXBuildFile; fileRef = E5561E6624F59C4B006C8B54 /* NetworkService.swift */; };
		E5561E6924F5A782006C8B54 /* Player.swift in Sources */ = {isa = PBXBuildFile; fileRef = E5561E6824F5A782006C8B54 /* Player.swift */; };
		E5561E6B24F5ADE3006C8B54 /* RequestFactory.swift in Sources */ = {isa = PBXBuildFile; fileRef = E5561E6A24F5ADE3006C8B54 /* RequestFactory.swift */; };
		E58AAB1524F441D0004F418E /* Home.storyboard in Resources */ = {isa = PBXBuildFile; fileRef = E58AAB1724F441D0004F418E /* Home.storyboard */; };
		E58AAB1824F441D6004F418E /* Players.storyboard in Resources */ = {isa = PBXBuildFile; fileRef = E58AAB1A24F441D6004F418E /* Players.storyboard */; };
		E58AAB1C24F45577004F418E /* HomeViewPresenter.swift in Sources */ = {isa = PBXBuildFile; fileRef = E58AAB1B24F45577004F418E /* HomeViewPresenter.swift */; };
		E58AAB2024F455FC004F418E /* PlayersViewPresenter.swift in Sources */ = {isa = PBXBuildFile; fileRef = E58AAB1F24F455FC004F418E /* PlayersViewPresenter.swift */; };
		E58AAB2224F463FF004F418E /* League.swift in Sources */ = {isa = PBXBuildFile; fileRef = E58AAB2124F463FF004F418E /* League.swift */; };
		E5946A5524F5782E001F5144 /* PlayerCell.swift in Sources */ = {isa = PBXBuildFile; fileRef = E5946A5424F5782E001F5144 /* PlayerCell.swift */; };
		E5D2746224F4377E00964924 /* AppDelegate.swift in Sources */ = {isa = PBXBuildFile; fileRef = E5D2746124F4377E00964924 /* AppDelegate.swift */; };
		E5D2746B24F4378400964924 /* Assets.xcassets in Resources */ = {isa = PBXBuildFile; fileRef = E5D2746A24F4378400964924 /* Assets.xcassets */; };
		E5D2746E24F4378400964924 /* LaunchScreen.storyboard in Resources */ = {isa = PBXBuildFile; fileRef = E5D2746C24F4378400964924 /* LaunchScreen.storyboard */; };
		E5D2747924F4378400964924 /* FootballTeamsTests.swift in Sources */ = {isa = PBXBuildFile; fileRef = E5D2747824F4378400964924 /* FootballTeamsTests.swift */; };
		E5D2748724F4380300964924 /* swiftlint.yml in Resources */ = {isa = PBXBuildFile; fileRef = E5D2748524F4380300964924 /* swiftlint.yml */; };
		E5D2748824F4380300964924 /* swiftgen.yml in Resources */ = {isa = PBXBuildFile; fileRef = E5D2748624F4380300964924 /* swiftgen.yml */; };
		E5D2749124F439A200964924 /* Localizable.strings in Resources */ = {isa = PBXBuildFile; fileRef = E5D2749324F439A200964924 /* Localizable.strings */; };
		E5D2749724F43A2200964924 /* Assets.swift in Sources */ = {isa = PBXBuildFile; fileRef = E5D2749424F43A2200964924 /* Assets.swift */; };
		E5D2749824F43A2200964924 /* Strings.swift in Sources */ = {isa = PBXBuildFile; fileRef = E5D2749524F43A2200964924 /* Strings.swift */; };
		E5D2749924F43A2200964924 /* StoryboardScenes.swift in Sources */ = {isa = PBXBuildFile; fileRef = E5D2749624F43A2200964924 /* StoryboardScenes.swift */; };
		E5D2749F24F43C7500964924 /* UIViewController+Extension.swift in Sources */ = {isa = PBXBuildFile; fileRef = E5D2749E24F43C7500964924 /* UIViewController+Extension.swift */; };
		E5D274A124F43D0D00964924 /* Coordinator.swift in Sources */ = {isa = PBXBuildFile; fileRef = E5D274A024F43D0D00964924 /* Coordinator.swift */; };
		E5D274A324F43D5F00964924 /* MainCoordinator.swift in Sources */ = {isa = PBXBuildFile; fileRef = E5D274A224F43D5F00964924 /* MainCoordinator.swift */; };
		E5D7872524F6AA7800B4D8B5 /* LeagueStorage.swift in Sources */ = {isa = PBXBuildFile; fileRef = E5D7872424F6AA7800B4D8B5 /* LeagueStorage.swift */; };
		E5F8343B24F5125700FD3C7D /* BadgeCell.swift in Sources */ = {isa = PBXBuildFile; fileRef = E5F8343A24F5125700FD3C7D /* BadgeCell.swift */; };
		E5F8343D24F532A300FD3C7D /* Team.swift in Sources */ = {isa = PBXBuildFile; fileRef = E5F8343C24F532A300FD3C7D /* Team.swift */; };
/* End PBXBuildFile section */

/* Begin PBXContainerItemProxy section */
		E5D2747524F4378400964924 /* PBXContainerItemProxy */ = {
			isa = PBXContainerItemProxy;
			containerPortal = E5D2745624F4377E00964924 /* Project object */;
			proxyType = 1;
			remoteGlobalIDString = E5D2745D24F4377E00964924;
			remoteInfo = FootballTeams;
		};
/* End PBXContainerItemProxy section */

/* Begin PBXFileReference section */
		431864D898EE4ACC8D6C9436 /* Pods_SoccerTeams.framework */ = {isa = PBXFileReference; explicitFileType = wrapper.framework; includeInIndex = 0; path = Pods_SoccerTeams.framework; sourceTree = BUILT_PRODUCTS_DIR; };
		4CAB1300F7331D2A541D19FD /* Pods-SoccerTeamsTests.release.xcconfig */ = {isa = PBXFileReference; includeInIndex = 1; lastKnownFileType = text.xcconfig; name = "Pods-SoccerTeamsTests.release.xcconfig"; path = "Target Support Files/Pods-SoccerTeamsTests/Pods-SoccerTeamsTests.release.xcconfig"; sourceTree = "<group>"; };
		B508798F96796086830A654A /* Pods-SoccerTeams.debug.xcconfig */ = {isa = PBXFileReference; includeInIndex = 1; lastKnownFileType = text.xcconfig; name = "Pods-SoccerTeams.debug.xcconfig"; path = "Target Support Files/Pods-SoccerTeams/Pods-SoccerTeams.debug.xcconfig"; sourceTree = "<group>"; };
		CF3D8C099BA9FD9909A9206C /* Pods_SoccerTeamsTests.framework */ = {isa = PBXFileReference; explicitFileType = wrapper.framework; includeInIndex = 0; path = Pods_SoccerTeamsTests.framework; sourceTree = BUILT_PRODUCTS_DIR; };
		D8CBB8553FD65D95CE1EAC1A /* Pods-SoccerTeamsTests.debug.xcconfig */ = {isa = PBXFileReference; includeInIndex = 1; lastKnownFileType = text.xcconfig; name = "Pods-SoccerTeamsTests.debug.xcconfig"; path = "Target Support Files/Pods-SoccerTeamsTests/Pods-SoccerTeamsTests.debug.xcconfig"; sourceTree = "<group>"; };
		E535293D24F43F670003605C /* HomeViewController.swift */ = {isa = PBXFileReference; lastKnownFileType = sourcecode.swift; path = HomeViewController.swift; sourceTree = "<group>"; };
		E535293F24F43F870003605C /* PlayersViewController.swift */ = {isa = PBXFileReference; lastKnownFileType = sourcecode.swift; path = PlayersViewController.swift; sourceTree = "<group>"; };
		E5561E6424F59BDC006C8B54 /* Route.swift */ = {isa = PBXFileReference; lastKnownFileType = sourcecode.swift; path = Route.swift; sourceTree = "<group>"; };
		E5561E6624F59C4B006C8B54 /* NetworkService.swift */ = {isa = PBXFileReference; lastKnownFileType = sourcecode.swift; path = NetworkService.swift; sourceTree = "<group>"; };
		E5561E6824F5A782006C8B54 /* Player.swift */ = {isa = PBXFileReference; lastKnownFileType = sourcecode.swift; path = Player.swift; sourceTree = "<group>"; };
		E5561E6A24F5ADE3006C8B54 /* RequestFactory.swift */ = {isa = PBXFileReference; lastKnownFileType = sourcecode.swift; path = RequestFactory.swift; sourceTree = "<group>"; };
		E58AAB1624F441D0004F418E /* Base */ = {isa = PBXFileReference; lastKnownFileType = file.storyboard; name = Base; path = Base.lproj/Home.storyboard; sourceTree = "<group>"; };
		E58AAB1924F441D6004F418E /* Base */ = {isa = PBXFileReference; lastKnownFileType = file.storyboard; name = Base; path = Base.lproj/Players.storyboard; sourceTree = "<group>"; };
		E58AAB1B24F45577004F418E /* HomeViewPresenter.swift */ = {isa = PBXFileReference; lastKnownFileType = sourcecode.swift; path = HomeViewPresenter.swift; sourceTree = "<group>"; };
		E58AAB1F24F455FC004F418E /* PlayersViewPresenter.swift */ = {isa = PBXFileReference; lastKnownFileType = sourcecode.swift; path = PlayersViewPresenter.swift; sourceTree = "<group>"; };
		E58AAB2124F463FF004F418E /* League.swift */ = {isa = PBXFileReference; lastKnownFileType = sourcecode.swift; path = League.swift; sourceTree = "<group>"; };
		E5946A5424F5782E001F5144 /* PlayerCell.swift */ = {isa = PBXFileReference; lastKnownFileType = sourcecode.swift; path = PlayerCell.swift; sourceTree = "<group>"; };
		E5D2745E24F4377E00964924 /* Soccer Teams.app */ = {isa = PBXFileReference; explicitFileType = wrapper.application; includeInIndex = 0; path = "Soccer Teams.app"; sourceTree = BUILT_PRODUCTS_DIR; };
		E5D2746124F4377E00964924 /* AppDelegate.swift */ = {isa = PBXFileReference; lastKnownFileType = sourcecode.swift; path = AppDelegate.swift; sourceTree = "<group>"; };
		E5D2746A24F4378400964924 /* Assets.xcassets */ = {isa = PBXFileReference; lastKnownFileType = folder.assetcatalog; path = Assets.xcassets; sourceTree = "<group>"; };
		E5D2746D24F4378400964924 /* Base */ = {isa = PBXFileReference; lastKnownFileType = file.storyboard; name = Base; path = Base.lproj/LaunchScreen.storyboard; sourceTree = "<group>"; };
		E5D2746F24F4378400964924 /* Info.plist */ = {isa = PBXFileReference; lastKnownFileType = text.plist.xml; path = Info.plist; sourceTree = "<group>"; };
		E5D2747424F4378400964924 /* SoccerTeamsTests.xctest */ = {isa = PBXFileReference; explicitFileType = wrapper.cfbundle; includeInIndex = 0; path = SoccerTeamsTests.xctest; sourceTree = BUILT_PRODUCTS_DIR; };
		E5D2747824F4378400964924 /* FootballTeamsTests.swift */ = {isa = PBXFileReference; lastKnownFileType = sourcecode.swift; path = FootballTeamsTests.swift; sourceTree = "<group>"; };
		E5D2747A24F4378400964924 /* Info.plist */ = {isa = PBXFileReference; lastKnownFileType = text.plist.xml; path = Info.plist; sourceTree = "<group>"; };
		E5D2748524F4380300964924 /* swiftlint.yml */ = {isa = PBXFileReference; fileEncoding = 4; lastKnownFileType = text.yaml; path = swiftlint.yml; sourceTree = "<group>"; };
		E5D2748624F4380300964924 /* swiftgen.yml */ = {isa = PBXFileReference; fileEncoding = 4; lastKnownFileType = text.yaml; path = swiftgen.yml; sourceTree = "<group>"; };
		E5D2749224F439A200964924 /* en */ = {isa = PBXFileReference; lastKnownFileType = text.plist.strings; name = en; path = en.lproj/Localizable.strings; sourceTree = "<group>"; };
		E5D2749424F43A2200964924 /* Assets.swift */ = {isa = PBXFileReference; fileEncoding = 4; lastKnownFileType = sourcecode.swift; path = Assets.swift; sourceTree = "<group>"; };
		E5D2749524F43A2200964924 /* Strings.swift */ = {isa = PBXFileReference; fileEncoding = 4; lastKnownFileType = sourcecode.swift; path = Strings.swift; sourceTree = "<group>"; };
		E5D2749624F43A2200964924 /* StoryboardScenes.swift */ = {isa = PBXFileReference; fileEncoding = 4; lastKnownFileType = sourcecode.swift; path = StoryboardScenes.swift; sourceTree = "<group>"; };
		E5D2749E24F43C7500964924 /* UIViewController+Extension.swift */ = {isa = PBXFileReference; lastKnownFileType = sourcecode.swift; path = "UIViewController+Extension.swift"; sourceTree = "<group>"; };
		E5D274A024F43D0D00964924 /* Coordinator.swift */ = {isa = PBXFileReference; lastKnownFileType = sourcecode.swift; path = Coordinator.swift; sourceTree = "<group>"; };
		E5D274A224F43D5F00964924 /* MainCoordinator.swift */ = {isa = PBXFileReference; lastKnownFileType = sourcecode.swift; path = MainCoordinator.swift; sourceTree = "<group>"; };
		E5D7872424F6AA7800B4D8B5 /* LeagueStorage.swift */ = {isa = PBXFileReference; lastKnownFileType = sourcecode.swift; path = LeagueStorage.swift; sourceTree = "<group>"; };
		E5F8343A24F5125700FD3C7D /* BadgeCell.swift */ = {isa = PBXFileReference; lastKnownFileType = sourcecode.swift; path = BadgeCell.swift; sourceTree = "<group>"; };
		E5F8343C24F532A300FD3C7D /* Team.swift */ = {isa = PBXFileReference; lastKnownFileType = sourcecode.swift; path = Team.swift; sourceTree = "<group>"; };
		F04ED0E4EF078B5421DFAF09 /* Pods-SoccerTeams.release.xcconfig */ = {isa = PBXFileReference; includeInIndex = 1; lastKnownFileType = text.xcconfig; name = "Pods-SoccerTeams.release.xcconfig"; path = "Target Support Files/Pods-SoccerTeams/Pods-SoccerTeams.release.xcconfig"; sourceTree = "<group>"; };
/* End PBXFileReference section */

/* Begin PBXFrameworksBuildPhase section */
		E5D2745B24F4377E00964924 /* Frameworks */ = {
			isa = PBXFrameworksBuildPhase;
			buildActionMask = 2147483647;
			files = (
				39AA316AD685BE2046278AAB /* Pods_SoccerTeams.framework in Frameworks */,
			);
			runOnlyForDeploymentPostprocessing = 0;
		};
		E5D2747124F4378400964924 /* Frameworks */ = {
			isa = PBXFrameworksBuildPhase;
			buildActionMask = 2147483647;
			files = (
				1A97992BF164283A84FFECA0 /* Pods_SoccerTeamsTests.framework in Frameworks */,
			);
			runOnlyForDeploymentPostprocessing = 0;
		};
/* End PBXFrameworksBuildPhase section */

/* Begin PBXGroup section */
		230663F5B6E732C6FB9AD2DF /* Pods */ = {
			isa = PBXGroup;
			children = (
				B508798F96796086830A654A /* Pods-SoccerTeams.debug.xcconfig */,
				F04ED0E4EF078B5421DFAF09 /* Pods-SoccerTeams.release.xcconfig */,
				D8CBB8553FD65D95CE1EAC1A /* Pods-SoccerTeamsTests.debug.xcconfig */,
				4CAB1300F7331D2A541D19FD /* Pods-SoccerTeamsTests.release.xcconfig */,
			);
			path = Pods;
			sourceTree = "<group>";
		};
		A8FA512431EB1F103F6026A1 /* Frameworks */ = {
			isa = PBXGroup;
			children = (
				431864D898EE4ACC8D6C9436 /* Pods_SoccerTeams.framework */,
				CF3D8C099BA9FD9909A9206C /* Pods_SoccerTeamsTests.framework */,
			);
			name = Frameworks;
			sourceTree = "<group>";
		};
		E58AAB1D24F4557C004F418E /* Home */ = {
			isa = PBXGroup;
			children = (
				E58AAB1B24F45577004F418E /* HomeViewPresenter.swift */,
			);
			path = Home;
			sourceTree = "<group>";
		};
		E58AAB1E24F45585004F418E /* Players */ = {
			isa = PBXGroup;
			children = (
				E58AAB1F24F455FC004F418E /* PlayersViewPresenter.swift */,
			);
			path = Players;
			sourceTree = "<group>";
		};
		E58AAB2324F4672D004F418E /* Network */ = {
			isa = PBXGroup;
			children = (
				E5561E6424F59BDC006C8B54 /* Route.swift */,
				E5561E6A24F5ADE3006C8B54 /* RequestFactory.swift */,
				E5561E6624F59C4B006C8B54 /* NetworkService.swift */,
			);
			path = Network;
			sourceTree = "<group>";
		};
		E5D2745524F4377E00964924 = {
			isa = PBXGroup;
			children = (
				E5D2748624F4380300964924 /* swiftgen.yml */,
				E5D2748524F4380300964924 /* swiftlint.yml */,
				E5D2746024F4377E00964924 /* SoccerTeams */,
				E5D2747724F4378400964924 /* SoccerTeamsTests */,
				E5D2745F24F4377E00964924 /* Products */,
				230663F5B6E732C6FB9AD2DF /* Pods */,
				A8FA512431EB1F103F6026A1 /* Frameworks */,
			);
			sourceTree = "<group>";
		};
		E5D2745F24F4377E00964924 /* Products */ = {
			isa = PBXGroup;
			children = (
				E5D2745E24F4377E00964924 /* Soccer Teams.app */,
				E5D2747424F4378400964924 /* SoccerTeamsTests.xctest */,
			);
			name = Products;
			sourceTree = "<group>";
		};
		E5D2746024F4377E00964924 /* SoccerTeams */ = {
			isa = PBXGroup;
			children = (
				E5D2748924F4389700964924 /* Application */,
				E5D2748A24F4389E00964924 /* Model */,
				E5D2748B24F438A600964924 /* View */,
				E5D2748C24F438B000964924 /* Presenter */,
				E5D2746F24F4378400964924 /* Info.plist */,
			);
			path = SoccerTeams;
			sourceTree = "<group>";
		};
		E5D2747724F4378400964924 /* SoccerTeamsTests */ = {
			isa = PBXGroup;
			children = (
				E5D2747824F4378400964924 /* FootballTeamsTests.swift */,
				E5D2747A24F4378400964924 /* Info.plist */,
			);
			path = SoccerTeamsTests;
			sourceTree = "<group>";
		};
		E5D2748924F4389700964924 /* Application */ = {
			isa = PBXGroup;
			children = (
				E5D2749D24F43B2D00964924 /* Coordinator */,
				E58AAB2324F4672D004F418E /* Network */,
				E5D7872624F6AA7F00B4D8B5 /* Storage */,
				E5D2749C24F43B2300964924 /* Extensions */,
				E5D2748E24F438FF00964924 /* Resources */,
				E5D2748D24F438E300964924 /* Generated */,
				E5D2746124F4377E00964924 /* AppDelegate.swift */,
			);
			path = Application;
			sourceTree = "<group>";
		};
		E5D2748A24F4389E00964924 /* Model */ = {
			isa = PBXGroup;
			children = (
				E58AAB2124F463FF004F418E /* League.swift */,
				E5F8343C24F532A300FD3C7D /* Team.swift */,
				E5561E6824F5A782006C8B54 /* Player.swift */,
			);
			path = Model;
			sourceTree = "<group>";
		};
		E5D2748B24F438A600964924 /* View */ = {
			isa = PBXGroup;
			children = (
				E5D2749A24F43AEC00964924 /* Home */,
				E5D2749B24F43B1300964924 /* Players */,
				E5D2746C24F4378400964924 /* LaunchScreen.storyboard */,
			);
			path = View;
			sourceTree = "<group>";
		};
		E5D2748C24F438B000964924 /* Presenter */ = {
			isa = PBXGroup;
			children = (
				E58AAB1D24F4557C004F418E /* Home */,
				E58AAB1E24F45585004F418E /* Players */,
			);
			path = Presenter;
			sourceTree = "<group>";
		};
		E5D2748D24F438E300964924 /* Generated */ = {
			isa = PBXGroup;
			children = (
				E5D2749424F43A2200964924 /* Assets.swift */,
				E5D2749624F43A2200964924 /* StoryboardScenes.swift */,
				E5D2749524F43A2200964924 /* Strings.swift */,
			);
			path = Generated;
			sourceTree = "<group>";
		};
		E5D2748E24F438FF00964924 /* Resources */ = {
			isa = PBXGroup;
			children = (
				E5D2746A24F4378400964924 /* Assets.xcassets */,
				E5D2749324F439A200964924 /* Localizable.strings */,
			);
			path = Resources;
			sourceTree = "<group>";
		};
		E5D2749A24F43AEC00964924 /* Home */ = {
			isa = PBXGroup;
			children = (
				E535293D24F43F670003605C /* HomeViewController.swift */,
				E58AAB1724F441D0004F418E /* Home.storyboard */,
				E5F8343A24F5125700FD3C7D /* BadgeCell.swift */,
			);
			path = Home;
			sourceTree = "<group>";
		};
		E5D2749B24F43B1300964924 /* Players */ = {
			isa = PBXGroup;
			children = (
				E535293F24F43F870003605C /* PlayersViewController.swift */,
				E58AAB1A24F441D6004F418E /* Players.storyboard */,
				E5946A5424F5782E001F5144 /* PlayerCell.swift */,
			);
			path = Players;
			sourceTree = "<group>";
		};
		E5D2749C24F43B2300964924 /* Extensions */ = {
			isa = PBXGroup;
			children = (
				E5D2749E24F43C7500964924 /* UIViewController+Extension.swift */,
			);
			path = Extensions;
			sourceTree = "<group>";
		};
		E5D2749D24F43B2D00964924 /* Coordinator */ = {
			isa = PBXGroup;
			children = (
				E5D274A424F43D6700964924 /* Contracts */,
				E5D274A224F43D5F00964924 /* MainCoordinator.swift */,
			);
			path = Coordinator;
			sourceTree = "<group>";
		};
		E5D274A424F43D6700964924 /* Contracts */ = {
			isa = PBXGroup;
			children = (
				E5D274A024F43D0D00964924 /* Coordinator.swift */,
			);
			path = Contracts;
			sourceTree = "<group>";
		};
		E5D7872624F6AA7F00B4D8B5 /* Storage */ = {
			isa = PBXGroup;
			children = (
				E5D7872424F6AA7800B4D8B5 /* LeagueStorage.swift */,
			);
			path = Storage;
			sourceTree = "<group>";
		};
/* End PBXGroup section */

/* Begin PBXNativeTarget section */
		E5D2745D24F4377E00964924 /* SoccerTeams */ = {
			isa = PBXNativeTarget;
			buildConfigurationList = E5D2747D24F4378400964924 /* Build configuration list for PBXNativeTarget "SoccerTeams" */;
			buildPhases = (
				31CD3E5776E14A1BB3997189 /* [CP] Check Pods Manifest.lock */,
				E5D2745A24F4377E00964924 /* Sources */,
				E5D2745B24F4377E00964924 /* Frameworks */,
				E5D2745C24F4377E00964924 /* Resources */,
				E5D2748324F437BC00964924 /* 💪 SwiftGen 👌 */,
				E5D2748424F437C000964924 /* 💪 SwiftLint 👌 */,
				5534A4C9368E16080920778D /* [CP] Embed Pods Frameworks */,
			);
			buildRules = (
			);
			dependencies = (
			);
			name = SoccerTeams;
			productName = FootballTeams;
			productReference = E5D2745E24F4377E00964924 /* Soccer Teams.app */;
			productType = "com.apple.product-type.application";
		};
		E5D2747324F4378400964924 /* SoccerTeamsTests */ = {
			isa = PBXNativeTarget;
			buildConfigurationList = E5D2748024F4378400964924 /* Build configuration list for PBXNativeTarget "SoccerTeamsTests" */;
			buildPhases = (
				26123069E68EE255559BA75D /* [CP] Check Pods Manifest.lock */,
				E5D2747024F4378400964924 /* Sources */,
				E5D2747124F4378400964924 /* Frameworks */,
				E5D2747224F4378400964924 /* Resources */,
			);
			buildRules = (
			);
			dependencies = (
				E5D2747624F4378400964924 /* PBXTargetDependency */,
			);
			name = SoccerTeamsTests;
			productName = FootballTeamsTests;
			productReference = E5D2747424F4378400964924 /* SoccerTeamsTests.xctest */;
			productType = "com.apple.product-type.bundle.unit-test";
		};
/* End PBXNativeTarget section */

/* Begin PBXProject section */
		E5D2745624F4377E00964924 /* Project object */ = {
			isa = PBXProject;
			attributes = {
				LastSwiftUpdateCheck = 1160;
				LastUpgradeCheck = 1160;
				ORGANIZATIONNAME = "Nicolas Bouème";
				TargetAttributes = {
					E5D2745D24F4377E00964924 = {
						CreatedOnToolsVersion = 11.6;
					};
					E5D2747324F4378400964924 = {
						CreatedOnToolsVersion = 11.6;
						TestTargetID = E5D2745D24F4377E00964924;
					};
				};
			};
			buildConfigurationList = E5D2745924F4377E00964924 /* Build configuration list for PBXProject "SoccerTeams" */;
			compatibilityVersion = "Xcode 9.3";
			developmentRegion = en;
			hasScannedForEncodings = 0;
			knownRegions = (
				en,
				Base,
			);
			mainGroup = E5D2745524F4377E00964924;
			productRefGroup = E5D2745F24F4377E00964924 /* Products */;
			projectDirPath = "";
			projectRoot = "";
			targets = (
				E5D2745D24F4377E00964924 /* SoccerTeams */,
				E5D2747324F4378400964924 /* SoccerTeamsTests */,
			);
		};
/* End PBXProject section */

/* Begin PBXResourcesBuildPhase section */
		E5D2745C24F4377E00964924 /* Resources */ = {
			isa = PBXResourcesBuildPhase;
			buildActionMask = 2147483647;
			files = (
				E58AAB1524F441D0004F418E /* Home.storyboard in Resources */,
				E58AAB1824F441D6004F418E /* Players.storyboard in Resources */,
				E5D2746E24F4378400964924 /* LaunchScreen.storyboard in Resources */,
				E5D2749124F439A200964924 /* Localizable.strings in Resources */,
				E5D2748824F4380300964924 /* swiftgen.yml in Resources */,
				E5D2748724F4380300964924 /* swiftlint.yml in Resources */,
				E5D2746B24F4378400964924 /* Assets.xcassets in Resources */,
			);
			runOnlyForDeploymentPostprocessing = 0;
		};
		E5D2747224F4378400964924 /* Resources */ = {
			isa = PBXResourcesBuildPhase;
			buildActionMask = 2147483647;
			files = (
			);
			runOnlyForDeploymentPostprocessing = 0;
		};
/* End PBXResourcesBuildPhase section */

/* Begin PBXShellScriptBuildPhase section */
		26123069E68EE255559BA75D /* [CP] Check Pods Manifest.lock */ = {
			isa = PBXShellScriptBuildPhase;
			buildActionMask = 2147483647;
			files = (
			);
			inputFileListPaths = (
			);
			inputPaths = (
				"${PODS_PODFILE_DIR_PATH}/Podfile.lock",
				"${PODS_ROOT}/Manifest.lock",
			);
			name = "[CP] Check Pods Manifest.lock";
			outputFileListPaths = (
			);
			outputPaths = (
				"$(DERIVED_FILE_DIR)/Pods-SoccerTeamsTests-checkManifestLockResult.txt",
			);
			runOnlyForDeploymentPostprocessing = 0;
			shellPath = /bin/sh;
			shellScript = "diff \"${PODS_PODFILE_DIR_PATH}/Podfile.lock\" \"${PODS_ROOT}/Manifest.lock\" > /dev/null\nif [ $? != 0 ] ; then\n    # print error to STDERR\n    echo \"error: The sandbox is not in sync with the Podfile.lock. Run 'pod install' or update your CocoaPods installation.\" >&2\n    exit 1\nfi\n# This output is used by Xcode 'outputs' to avoid re-running this script phase.\necho \"SUCCESS\" > \"${SCRIPT_OUTPUT_FILE_0}\"\n";
			showEnvVarsInLog = 0;
		};
		31CD3E5776E14A1BB3997189 /* [CP] Check Pods Manifest.lock */ = {
			isa = PBXShellScriptBuildPhase;
			buildActionMask = 2147483647;
			files = (
			);
			inputFileListPaths = (
			);
			inputPaths = (
				"${PODS_PODFILE_DIR_PATH}/Podfile.lock",
				"${PODS_ROOT}/Manifest.lock",
			);
			name = "[CP] Check Pods Manifest.lock";
			outputFileListPaths = (
			);
			outputPaths = (
				"$(DERIVED_FILE_DIR)/Pods-SoccerTeams-checkManifestLockResult.txt",
			);
			runOnlyForDeploymentPostprocessing = 0;
			shellPath = /bin/sh;
			shellScript = "diff \"${PODS_PODFILE_DIR_PATH}/Podfile.lock\" \"${PODS_ROOT}/Manifest.lock\" > /dev/null\nif [ $? != 0 ] ; then\n    # print error to STDERR\n    echo \"error: The sandbox is not in sync with the Podfile.lock. Run 'pod install' or update your CocoaPods installation.\" >&2\n    exit 1\nfi\n# This output is used by Xcode 'outputs' to avoid re-running this script phase.\necho \"SUCCESS\" > \"${SCRIPT_OUTPUT_FILE_0}\"\n";
			showEnvVarsInLog = 0;
		};
		5534A4C9368E16080920778D /* [CP] Embed Pods Frameworks */ = {
			isa = PBXShellScriptBuildPhase;
			buildActionMask = 2147483647;
			files = (
			);
			inputFileListPaths = (
				"${PODS_ROOT}/Target Support Files/Pods-SoccerTeams/Pods-SoccerTeams-frameworks-${CONFIGURATION}-input-files.xcfilelist",
			);
			name = "[CP] Embed Pods Frameworks";
			outputFileListPaths = (
				"${PODS_ROOT}/Target Support Files/Pods-SoccerTeams/Pods-SoccerTeams-frameworks-${CONFIGURATION}-output-files.xcfilelist",
			);
			runOnlyForDeploymentPostprocessing = 0;
			shellPath = /bin/sh;
			shellScript = "\"${PODS_ROOT}/Target Support Files/Pods-SoccerTeams/Pods-SoccerTeams-frameworks.sh\"\n";
			showEnvVarsInLog = 0;
		};
		E5D2748324F437BC00964924 /* 💪 SwiftGen 👌 */ = {
			isa = PBXShellScriptBuildPhase;
			buildActionMask = 2147483647;
			files = (
			);
			inputFileListPaths = (
			);
			inputPaths = (
			);
			name = "💪 SwiftGen 👌";
			outputFileListPaths = (
			);
			outputPaths = (
			);
			runOnlyForDeploymentPostprocessing = 0;
			shellPath = /bin/sh;
			shellScript = "if which swiftgen >/dev/null; then\n  swiftgen\nelse\n  echo \"warning: SwiftGen not installed, download from https://github.com/SwiftGen/SwiftGen\"\nfi\n";
		};
		E5D2748424F437C000964924 /* 💪 SwiftLint 👌 */ = {
			isa = PBXShellScriptBuildPhase;
			buildActionMask = 2147483647;
			files = (
			);
			inputFileListPaths = (
			);
			inputPaths = (
			);
			name = "💪 SwiftLint 👌";
			outputFileListPaths = (
			);
			outputPaths = (
			);
			runOnlyForDeploymentPostprocessing = 0;
			shellPath = /bin/sh;
			shellScript = "if which swiftlint >/dev/null; then\n  swiftlint --config swiftlint.yml\nelse\n  echo \"warning: SwiftLint not installed, download from https://github.com/realm/SwiftLint\"\nfi\n";
		};
/* End PBXShellScriptBuildPhase section */

/* Begin PBXSourcesBuildPhase section */
		E5D2745A24F4377E00964924 /* Sources */ = {
			isa = PBXSourcesBuildPhase;
			buildActionMask = 2147483647;
			files = (
				E5D2749F24F43C7500964924 /* UIViewController+Extension.swift in Sources */,
				E5D274A324F43D5F00964924 /* MainCoordinator.swift in Sources */,
				E535294024F43F870003605C /* PlayersViewController.swift in Sources */,
				E5F8343D24F532A300FD3C7D /* Team.swift in Sources */,
				E5561E6724F59C4B006C8B54 /* NetworkService.swift in Sources */,
				E5D2746224F4377E00964924 /* AppDelegate.swift in Sources */,
				E5F8343B24F5125700FD3C7D /* BadgeCell.swift in Sources */,
				E58AAB1C24F45577004F418E /* HomeViewPresenter.swift in Sources */,
				E5D2749824F43A2200964924 /* Strings.swift in Sources */,
				E5946A5524F5782E001F5144 /* PlayerCell.swift in Sources */,
				E5561E6524F59BDC006C8B54 /* Route.swift in Sources */,
				E535293E24F43F670003605C /* HomeViewController.swift in Sources */,
				E58AAB2024F455FC004F418E /* PlayersViewPresenter.swift in Sources */,
				E5D2749724F43A2200964924 /* Assets.swift in Sources */,
				E5D7872524F6AA7800B4D8B5 /* LeagueStorage.swift in Sources */,
				E5D2749924F43A2200964924 /* StoryboardScenes.swift in Sources */,
				E5561E6B24F5ADE3006C8B54 /* RequestFactory.swift in Sources */,
				E5561E6924F5A782006C8B54 /* Player.swift in Sources */,
				E58AAB2224F463FF004F418E /* League.swift in Sources */,
				E5D274A124F43D0D00964924 /* Coordinator.swift in Sources */,
			);
			runOnlyForDeploymentPostprocessing = 0;
		};
		E5D2747024F4378400964924 /* Sources */ = {
			isa = PBXSourcesBuildPhase;
			buildActionMask = 2147483647;
			files = (
				E5D2747924F4378400964924 /* FootballTeamsTests.swift in Sources */,
			);
			runOnlyForDeploymentPostprocessing = 0;
		};
/* End PBXSourcesBuildPhase section */

/* Begin PBXTargetDependency section */
		E5D2747624F4378400964924 /* PBXTargetDependency */ = {
			isa = PBXTargetDependency;
			target = E5D2745D24F4377E00964924 /* SoccerTeams */;
			targetProxy = E5D2747524F4378400964924 /* PBXContainerItemProxy */;
		};
/* End PBXTargetDependency section */

/* Begin PBXVariantGroup section */
		E58AAB1724F441D0004F418E /* Home.storyboard */ = {
			isa = PBXVariantGroup;
			children = (
				E58AAB1624F441D0004F418E /* Base */,
			);
			name = Home.storyboard;
			sourceTree = "<group>";
		};
		E58AAB1A24F441D6004F418E /* Players.storyboard */ = {
			isa = PBXVariantGroup;
			children = (
				E58AAB1924F441D6004F418E /* Base */,
			);
			name = Players.storyboard;
			sourceTree = "<group>";
		};
		E5D2746C24F4378400964924 /* LaunchScreen.storyboard */ = {
			isa = PBXVariantGroup;
			children = (
				E5D2746D24F4378400964924 /* Base */,
			);
			name = LaunchScreen.storyboard;
			sourceTree = "<group>";
		};
		E5D2749324F439A200964924 /* Localizable.strings */ = {
			isa = PBXVariantGroup;
			children = (
				E5D2749224F439A200964924 /* en */,
			);
			name = Localizable.strings;
			sourceTree = "<group>";
		};
/* End PBXVariantGroup section */

/* Begin XCBuildConfiguration section */
		E5D2747B24F4378400964924 /* Debug */ = {
			isa = XCBuildConfiguration;
			buildSettings = {
				ALWAYS_SEARCH_USER_PATHS = NO;
				CLANG_ANALYZER_NONNULL = YES;
				CLANG_ANALYZER_NUMBER_OBJECT_CONVERSION = YES_AGGRESSIVE;
				CLANG_CXX_LANGUAGE_STANDARD = "gnu++14";
				CLANG_CXX_LIBRARY = "libc++";
				CLANG_ENABLE_MODULES = YES;
				CLANG_ENABLE_OBJC_ARC = YES;
				CLANG_ENABLE_OBJC_WEAK = YES;
				CLANG_WARN_BLOCK_CAPTURE_AUTORELEASING = YES;
				CLANG_WARN_BOOL_CONVERSION = YES;
				CLANG_WARN_COMMA = YES;
				CLANG_WARN_CONSTANT_CONVERSION = YES;
				CLANG_WARN_DEPRECATED_OBJC_IMPLEMENTATIONS = YES;
				CLANG_WARN_DIRECT_OBJC_ISA_USAGE = YES_ERROR;
				CLANG_WARN_DOCUMENTATION_COMMENTS = YES;
				CLANG_WARN_EMPTY_BODY = YES;
				CLANG_WARN_ENUM_CONVERSION = YES;
				CLANG_WARN_INFINITE_RECURSION = YES;
				CLANG_WARN_INT_CONVERSION = YES;
				CLANG_WARN_NON_LITERAL_NULL_CONVERSION = YES;
				CLANG_WARN_OBJC_IMPLICIT_RETAIN_SELF = YES;
				CLANG_WARN_OBJC_LITERAL_CONVERSION = YES;
				CLANG_WARN_OBJC_ROOT_CLASS = YES_ERROR;
				CLANG_WARN_RANGE_LOOP_ANALYSIS = YES;
				CLANG_WARN_STRICT_PROTOTYPES = YES;
				CLANG_WARN_SUSPICIOUS_MOVE = YES;
				CLANG_WARN_UNGUARDED_AVAILABILITY = YES_AGGRESSIVE;
				CLANG_WARN_UNREACHABLE_CODE = YES;
				CLANG_WARN__DUPLICATE_METHOD_MATCH = YES;
				COPY_PHASE_STRIP = NO;
				DEBUG_INFORMATION_FORMAT = dwarf;
				ENABLE_STRICT_OBJC_MSGSEND = YES;
				ENABLE_TESTABILITY = YES;
				GCC_C_LANGUAGE_STANDARD = gnu11;
				GCC_DYNAMIC_NO_PIC = NO;
				GCC_NO_COMMON_BLOCKS = YES;
				GCC_OPTIMIZATION_LEVEL = 0;
				GCC_PREPROCESSOR_DEFINITIONS = (
					"DEBUG=1",
					"$(inherited)",
				);
				GCC_WARN_64_TO_32_BIT_CONVERSION = YES;
				GCC_WARN_ABOUT_RETURN_TYPE = YES_ERROR;
				GCC_WARN_UNDECLARED_SELECTOR = YES;
				GCC_WARN_UNINITIALIZED_AUTOS = YES_AGGRESSIVE;
				GCC_WARN_UNUSED_FUNCTION = YES;
				GCC_WARN_UNUSED_VARIABLE = YES;
				IPHONEOS_DEPLOYMENT_TARGET = 13.6;
				MTL_ENABLE_DEBUG_INFO = INCLUDE_SOURCE;
				MTL_FAST_MATH = YES;
				ONLY_ACTIVE_ARCH = YES;
				SDKROOT = iphoneos;
				SWIFT_ACTIVE_COMPILATION_CONDITIONS = DEBUG;
				SWIFT_OPTIMIZATION_LEVEL = "-Onone";
			};
			name = Debug;
		};
		E5D2747C24F4378400964924 /* Release */ = {
			isa = XCBuildConfiguration;
			buildSettings = {
				ALWAYS_SEARCH_USER_PATHS = NO;
				CLANG_ANALYZER_NONNULL = YES;
				CLANG_ANALYZER_NUMBER_OBJECT_CONVERSION = YES_AGGRESSIVE;
				CLANG_CXX_LANGUAGE_STANDARD = "gnu++14";
				CLANG_CXX_LIBRARY = "libc++";
				CLANG_ENABLE_MODULES = YES;
				CLANG_ENABLE_OBJC_ARC = YES;
				CLANG_ENABLE_OBJC_WEAK = YES;
				CLANG_WARN_BLOCK_CAPTURE_AUTORELEASING = YES;
				CLANG_WARN_BOOL_CONVERSION = YES;
				CLANG_WARN_COMMA = YES;
				CLANG_WARN_CONSTANT_CONVERSION = YES;
				CLANG_WARN_DEPRECATED_OBJC_IMPLEMENTATIONS = YES;
				CLANG_WARN_DIRECT_OBJC_ISA_USAGE = YES_ERROR;
				CLANG_WARN_DOCUMENTATION_COMMENTS = YES;
				CLANG_WARN_EMPTY_BODY = YES;
				CLANG_WARN_ENUM_CONVERSION = YES;
				CLANG_WARN_INFINITE_RECURSION = YES;
				CLANG_WARN_INT_CONVERSION = YES;
				CLANG_WARN_NON_LITERAL_NULL_CONVERSION = YES;
				CLANG_WARN_OBJC_IMPLICIT_RETAIN_SELF = YES;
				CLANG_WARN_OBJC_LITERAL_CONVERSION = YES;
				CLANG_WARN_OBJC_ROOT_CLASS = YES_ERROR;
				CLANG_WARN_RANGE_LOOP_ANALYSIS = YES;
				CLANG_WARN_STRICT_PROTOTYPES = YES;
				CLANG_WARN_SUSPICIOUS_MOVE = YES;
				CLANG_WARN_UNGUARDED_AVAILABILITY = YES_AGGRESSIVE;
				CLANG_WARN_UNREACHABLE_CODE = YES;
				CLANG_WARN__DUPLICATE_METHOD_MATCH = YES;
				COPY_PHASE_STRIP = NO;
				DEBUG_INFORMATION_FORMAT = "dwarf-with-dsym";
				ENABLE_NS_ASSERTIONS = NO;
				ENABLE_STRICT_OBJC_MSGSEND = YES;
				GCC_C_LANGUAGE_STANDARD = gnu11;
				GCC_NO_COMMON_BLOCKS = YES;
				GCC_WARN_64_TO_32_BIT_CONVERSION = YES;
				GCC_WARN_ABOUT_RETURN_TYPE = YES_ERROR;
				GCC_WARN_UNDECLARED_SELECTOR = YES;
				GCC_WARN_UNINITIALIZED_AUTOS = YES_AGGRESSIVE;
				GCC_WARN_UNUSED_FUNCTION = YES;
				GCC_WARN_UNUSED_VARIABLE = YES;
				IPHONEOS_DEPLOYMENT_TARGET = 13.6;
				MTL_ENABLE_DEBUG_INFO = NO;
				MTL_FAST_MATH = YES;
				SDKROOT = iphoneos;
				SWIFT_COMPILATION_MODE = wholemodule;
				SWIFT_OPTIMIZATION_LEVEL = "-O";
				VALIDATE_PRODUCT = YES;
			};
			name = Release;
		};
		E5D2747E24F4378400964924 /* Debug */ = {
			isa = XCBuildConfiguration;
			baseConfigurationReference = B508798F96796086830A654A /* Pods-SoccerTeams.debug.xcconfig */;
			buildSettings = {
				ASSETCATALOG_COMPILER_APPICON_NAME = AppIcon;
				CODE_SIGN_STYLE = Automatic;
				DEVELOPMENT_TEAM = B96N5PJKRG;
				INFOPLIST_FILE = SoccerTeams/Info.plist;
				LD_RUNPATH_SEARCH_PATHS = (
					"$(inherited)",
					"@executable_path/Frameworks",
				);
				PRODUCT_BUNDLE_IDENTIFIER = com.nboueme.SoccerTeams;
				PRODUCT_NAME = "Soccer Teams";
				SWIFT_VERSION = 5.0;
				TARGETED_DEVICE_FAMILY = 1;
			};
			name = Debug;
		};
		E5D2747F24F4378400964924 /* Release */ = {
			isa = XCBuildConfiguration;
			baseConfigurationReference = F04ED0E4EF078B5421DFAF09 /* Pods-SoccerTeams.release.xcconfig */;
			buildSettings = {
				ASSETCATALOG_COMPILER_APPICON_NAME = AppIcon;
				CODE_SIGN_STYLE = Automatic;
				DEVELOPMENT_TEAM = B96N5PJKRG;
				INFOPLIST_FILE = SoccerTeams/Info.plist;
				LD_RUNPATH_SEARCH_PATHS = (
					"$(inherited)",
					"@executable_path/Frameworks",
				);
				PRODUCT_BUNDLE_IDENTIFIER = com.nboueme.SoccerTeams;
				PRODUCT_NAME = "Soccer Teams";
				SWIFT_VERSION = 5.0;
				TARGETED_DEVICE_FAMILY = 1;
			};
			name = Release;
		};
		E5D2748124F4378400964924 /* Debug */ = {
			isa = XCBuildConfiguration;
			baseConfigurationReference = D8CBB8553FD65D95CE1EAC1A /* Pods-SoccerTeamsTests.debug.xcconfig */;
			buildSettings = {
				ALWAYS_EMBED_SWIFT_STANDARD_LIBRARIES = YES;
				BUNDLE_LOADER = "$(TEST_HOST)";
				CODE_SIGN_STYLE = Automatic;
				DEVELOPMENT_TEAM = B96N5PJKRG;
				INFOPLIST_FILE = FootballTeamsTests/Info.plist;
				IPHONEOS_DEPLOYMENT_TARGET = 13.6;
				LD_RUNPATH_SEARCH_PATHS = (
					"$(inherited)",
					"@executable_path/Frameworks",
					"@loader_path/Frameworks",
				);
				PRODUCT_BUNDLE_IDENTIFIER = com.nboueme.FootballTeamsTests;
				PRODUCT_NAME = "$(TARGET_NAME)";
				SWIFT_VERSION = 5.0;
				TARGETED_DEVICE_FAMILY = "1,2";
				TEST_HOST = "$(BUILT_PRODUCTS_DIR)/Soccer Teams.app/Soccer Teams";
			};
			name = Debug;
		};
		E5D2748224F4378400964924 /* Release */ = {
			isa = XCBuildConfiguration;
			baseConfigurationReference = 4CAB1300F7331D2A541D19FD /* Pods-SoccerTeamsTests.release.xcconfig */;
			buildSettings = {
				ALWAYS_EMBED_SWIFT_STANDARD_LIBRARIES = YES;
				BUNDLE_LOADER = "$(TEST_HOST)";
				CODE_SIGN_STYLE = Automatic;
				DEVELOPMENT_TEAM = B96N5PJKRG;
				INFOPLIST_FILE = FootballTeamsTests/Info.plist;
				IPHONEOS_DEPLOYMENT_TARGET = 13.6;
				LD_RUNPATH_SEARCH_PATHS = (
					"$(inherited)",
					"@executable_path/Frameworks",
					"@loader_path/Frameworks",
				);
				PRODUCT_BUNDLE_IDENTIFIER = com.nboueme.FootballTeamsTests;
				PRODUCT_NAME = "$(TARGET_NAME)";
				SWIFT_VERSION = 5.0;
				TARGETED_DEVICE_FAMILY = "1,2";
				TEST_HOST = "$(BUILT_PRODUCTS_DIR)/Soccer Teams.app/Soccer Teams";
			};
			name = Release;
		};
/* End XCBuildConfiguration section */

/* Begin XCConfigurationList section */
		E5D2745924F4377E00964924 /* Build configuration list for PBXProject "SoccerTeams" */ = {
			isa = XCConfigurationList;
			buildConfigurations = (
				E5D2747B24F4378400964924 /* Debug */,
				E5D2747C24F4378400964924 /* Release */,
			);
			defaultConfigurationIsVisible = 0;
			defaultConfigurationName = Release;
		};
		E5D2747D24F4378400964924 /* Build configuration list for PBXNativeTarget "SoccerTeams" */ = {
			isa = XCConfigurationList;
			buildConfigurations = (
				E5D2747E24F4378400964924 /* Debug */,
				E5D2747F24F4378400964924 /* Release */,
			);
			defaultConfigurationIsVisible = 0;
			defaultConfigurationName = Release;
		};
		E5D2748024F4378400964924 /* Build configuration list for PBXNativeTarget "SoccerTeamsTests" */ = {
			isa = XCConfigurationList;
			buildConfigurations = (
				E5D2748124F4378400964924 /* Debug */,
				E5D2748224F4378400964924 /* Release */,
			);
			defaultConfigurationIsVisible = 0;
			defaultConfigurationName = Release;
		};
/* End XCConfigurationList section */
	};
	rootObject = E5D2745624F4377E00964924 /* Project object */;
}
